
Microsoft Visual Studio Solution File, Format Version 12.00
# Visual Studio Version 16
VisualStudioVersion = 16.0.32106.194
MinimumVisualStudioVersion = 10.0.40219.1
Project("{FAE04EC0-301F-11D3-BF4B-00C04F79EFBC}") = "_ETicaret", "_ETicaret\_ETicaret.csproj", "{D090A1E2-D5D0-41E0-A928-34D462D23342}"
EndProject
Global
	GlobalSection(SolutionConfigurationPlatforms) = preSolution
		Debug|Any CPU = Debug|Any CPU
		Release|Any CPU = Release|Any CPU
	EndGlobalSection
	GlobalSection(ProjectConfigurationPlatforms) = postSolution
		{D090A1E2-D5D0-41E0-A928-34D462D23342}.Debug|Any CPU.ActiveCfg = Debug|Any CPU
		{D090A1E2-D5D0-41E0-A928-34D462D23342}.Debug|Any CPU.Build.0 = Debug|Any CPU
		{D090A1E2-D5D0-41E0-A928-34D462D23342}.Release|Any CPU.ActiveCfg = Release|Any CPU
		{D090A1E2-D5D0-41E0-A928-34D462D23342}.Release|Any CPU.Build.0 = Release|Any CPU
	EndGlobalSection
	GlobalSection(SolutionProperties) = preSolution
		HideSolutionNode = FALSE
	EndGlobalSection
	GlobalSection(ExtensibilityGlobals) = postSolution
		SolutionGuid = {04B3A8B2-B0D3-4B1D-9173-5BBF0477CA52}
	EndGlobalSection
EndGlobal
